
Microsoft Visual Studio Solution File, Format Version 12.00
# Visual Studio 15
VisualStudioVersion = 15.0.26730.16
MinimumVisualStudioVersion = 10.0.40219.1
Project("{9A19103F-16F7-4668-BE54-9A1E7A4F7556}") = "Incidents.Admin", "Incidents.Admin\Incidents.Admin.csproj", "{A1DB0832-B93C-4F0B-B69B-371321D3504F}"
EndProject
Global
	GlobalSection(SolutionConfigurationPlatforms) = preSolution
		Debug|Any CPU = Debug|Any CPU
		Release|Any CPU = Release|Any CPU
	EndGlobalSection
	GlobalSection(ProjectConfigurationPlatforms) = postSolution
		{A1DB0832-B93C-4F0B-B69B-371321D3504F}.Debug|Any CPU.ActiveCfg = Debug|Any CPU
		{A1DB0832-B93C-4F0B-B69B-371321D3504F}.Debug|Any CPU.Build.0 = Debug|Any CPU
		{A1DB0832-B93C-4F0B-B69B-371321D3504F}.Release|Any CPU.ActiveCfg = Release|Any CPU
		{A1DB0832-B93C-4F0B-B69B-371321D3504F}.Release|Any CPU.Build.0 = Release|Any CPU
	EndGlobalSection
	GlobalSection(SolutionProperties) = preSolution
		HideSolutionNode = FALSE
	EndGlobalSection
	GlobalSection(ExtensibilityGlobals) = postSolution
		SolutionGuid = {CC375E5E-8F29-4B8F-8630-5679F1072267}
	EndGlobalSection
	GlobalSection(TeamFoundationVersionControl) = preSolution
		SccNumberOfProjects = 2
		SccEnterpriseProvider = {4CA58AB2-18FA-4F8D-95D4-32DDF27D184C}
		SccTeamFoundationServer = https://azuremediaanalyticspoc.visualstudio.com/
		SccLocalPath0 = .
		SccProjectUniqueName1 = Incidents.Admin\\Incidents.Admin.csproj
		SccProjectName1 = Incidents.Admin
		SccLocalPath1 = Incidents.Admin
	EndGlobalSection
EndGlobal
