
Microsoft Visual Studio Solution File, Format Version 12.00
# Visual Studio 15
VisualStudioVersion = 15.0.26730.16
MinimumVisualStudioVersion = 10.0.40219.1
Project("{9A19103F-16F7-4668-BE54-9A1E7A4F7556}") = "Services.Analytics", "Services.Analytics\Services.Analytics.csproj", "{3A3F0FC7-54B1-4982-A21E-399B9ED500B8}"
EndProject
Global
	GlobalSection(SolutionConfigurationPlatforms) = preSolution
		Debug|Any CPU = Debug|Any CPU
		Release|Any CPU = Release|Any CPU
	EndGlobalSection
	GlobalSection(ProjectConfigurationPlatforms) = postSolution
		{3A3F0FC7-54B1-4982-A21E-399B9ED500B8}.Debug|Any CPU.ActiveCfg = Debug|Any CPU
		{3A3F0FC7-54B1-4982-A21E-399B9ED500B8}.Debug|Any CPU.Build.0 = Debug|Any CPU
		{3A3F0FC7-54B1-4982-A21E-399B9ED500B8}.Release|Any CPU.ActiveCfg = Release|Any CPU
		{3A3F0FC7-54B1-4982-A21E-399B9ED500B8}.Release|Any CPU.Build.0 = Release|Any CPU
	EndGlobalSection
	GlobalSection(SolutionProperties) = preSolution
		HideSolutionNode = FALSE
	EndGlobalSection
	GlobalSection(ExtensibilityGlobals) = postSolution
		SolutionGuid = {034964EF-7C27-41E6-9B08-FF640D3759D1}
	EndGlobalSection
	GlobalSection(TeamFoundationVersionControl) = preSolution
		SccNumberOfProjects = 2
		SccEnterpriseProvider = {4CA58AB2-18FA-4F8D-95D4-32DDF27D184C}
		SccTeamFoundationServer = https://azuremediaanalyticspoc.visualstudio.com/
		SccLocalPath0 = .
		SccProjectUniqueName1 = Services.Analytics\\Services.Analytics.csproj
		SccProjectName1 = Services.Analytics
		SccLocalPath1 = Services.Analytics
	EndGlobalSection
EndGlobal
